
Microsoft Visual Studio Solution File, Format Version 12.00
# Visual Studio 15
VisualStudioVersion = 15.0.28307.168
MinimumVisualStudioVersion = 10.0.40219.1
Project("{FAE04EC0-301F-11D3-BF4B-00C04F79EFBC}") = "Генератор данных", "Генератор данных\Генератор данных.csproj", "{637BF072-069F-4666-B28D-57EF9EED741C}"
EndProject
Global
	GlobalSection(SolutionConfigurationPlatforms) = preSolution
		Debug|Any CPU = Debug|Any CPU
		Release|Any CPU = Release|Any CPU
	EndGlobalSection
	GlobalSection(ProjectConfigurationPlatforms) = postSolution
		{637BF072-069F-4666-B28D-57EF9EED741C}.Debug|Any CPU.ActiveCfg = Debug|Any CPU
		{637BF072-069F-4666-B28D-57EF9EED741C}.Debug|Any CPU.Build.0 = Debug|Any CPU
		{637BF072-069F-4666-B28D-57EF9EED741C}.Release|Any CPU.ActiveCfg = Release|Any CPU
		{637BF072-069F-4666-B28D-57EF9EED741C}.Release|Any CPU.Build.0 = Release|Any CPU
	EndGlobalSection
	GlobalSection(SolutionProperties) = preSolution
		HideSolutionNode = FALSE
	EndGlobalSection
	GlobalSection(ExtensibilityGlobals) = postSolution
		SolutionGuid = {1F0C97E8-886E-456D-BC75-6D96D2DEC3A2}
	EndGlobalSection
EndGlobal
